
Microsoft Visual Studio Solution File, Format Version 12.00
# Visual Studio 15
VisualStudioVersion = 15.0.26730.12
MinimumVisualStudioVersion = 10.0.40219.1
Project("{FAE04EC0-301F-11D3-BF4B-00C04F79EFBC}") = "WrathOfTheGods", "WrathOfTheGods\WrathOfTheGods.csproj", "{FDD40824-9301-4F05-80FB-C2B054BC83F7}"
	ProjectSection(ProjectDependencies) = postProject
		{CE427C76-66B6-4DF0-B09B-BA7244786550} = {CE427C76-66B6-4DF0-B09B-BA7244786550}
	EndProjectSection
EndProject
Project("{D954291E-2A0B-460D-934E-DC6B0785DB48}") = "ScreenManager", "ScreenManager\ScreenManager.shproj", "{DC6D9569-2DD3-4737-9D6C-E8DB9C77E328}"
EndProject
Project("{FAE04EC0-301F-11D3-BF4B-00C04F79EFBC}") = "CityEditor", "CityEditor\CityEditor.csproj", "{1672107A-84C1-4AF2-8E5E-D5B2C7A2A9E6}"
EndProject
Project("{FAE04EC0-301F-11D3-BF4B-00C04F79EFBC}") = "WotGXMLLibrary", "WotGXMLLibrary\WotGXMLLibrary.csproj", "{E3E8C63F-4FEC-4944-961B-77703569375D}"
EndProject
Project("{FAE04EC0-301F-11D3-BF4B-00C04F79EFBC}") = "WotgXMLExtension", "WotgXMLExtension\WotgXMLExtension.csproj", "{CE427C76-66B6-4DF0-B09B-BA7244786550}"
EndProject
Global
	GlobalSection(SharedMSBuildProjectFiles) = preSolution
		ScreenManager\ScreenManager.projitems*{dc6d9569-2dd3-4737-9d6c-e8db9c77e328}*SharedItemsImports = 13
		ScreenManager\ScreenManager.projitems*{fdd40824-9301-4f05-80fb-c2b054bc83f7}*SharedItemsImports = 4
	EndGlobalSection
	GlobalSection(SolutionConfigurationPlatforms) = preSolution
		Debug|Any CPU = Debug|Any CPU
		Debug|x86 = Debug|x86
		Release|Any CPU = Release|Any CPU
		Release|x86 = Release|x86
	EndGlobalSection
	GlobalSection(ProjectConfigurationPlatforms) = postSolution
		{FDD40824-9301-4F05-80FB-C2B054BC83F7}.Debug|Any CPU.ActiveCfg = Debug|Any CPU
		{FDD40824-9301-4F05-80FB-C2B054BC83F7}.Debug|Any CPU.Build.0 = Debug|Any CPU
		{FDD40824-9301-4F05-80FB-C2B054BC83F7}.Debug|Any CPU.Deploy.0 = Debug|Any CPU
		{FDD40824-9301-4F05-80FB-C2B054BC83F7}.Debug|x86.ActiveCfg = Debug|Any CPU
		{FDD40824-9301-4F05-80FB-C2B054BC83F7}.Debug|x86.Build.0 = Debug|Any CPU
		{FDD40824-9301-4F05-80FB-C2B054BC83F7}.Debug|x86.Deploy.0 = Debug|Any CPU
		{FDD40824-9301-4F05-80FB-C2B054BC83F7}.Release|Any CPU.ActiveCfg = Release|Any CPU
		{FDD40824-9301-4F05-80FB-C2B054BC83F7}.Release|Any CPU.Build.0 = Release|Any CPU
		{FDD40824-9301-4F05-80FB-C2B054BC83F7}.Release|Any CPU.Deploy.0 = Release|Any CPU
		{FDD40824-9301-4F05-80FB-C2B054BC83F7}.Release|x86.ActiveCfg = Release|Any CPU
		{FDD40824-9301-4F05-80FB-C2B054BC83F7}.Release|x86.Build.0 = Release|Any CPU
		{FDD40824-9301-4F05-80FB-C2B054BC83F7}.Release|x86.Deploy.0 = Release|Any CPU
		{1672107A-84C1-4AF2-8E5E-D5B2C7A2A9E6}.Debug|Any CPU.ActiveCfg = Debug|x86
		{1672107A-84C1-4AF2-8E5E-D5B2C7A2A9E6}.Debug|Any CPU.Build.0 = Debug|x86
		{1672107A-84C1-4AF2-8E5E-D5B2C7A2A9E6}.Debug|x86.ActiveCfg = Debug|x86
		{1672107A-84C1-4AF2-8E5E-D5B2C7A2A9E6}.Debug|x86.Build.0 = Debug|x86
		{1672107A-84C1-4AF2-8E5E-D5B2C7A2A9E6}.Release|Any CPU.ActiveCfg = Release|x86
		{1672107A-84C1-4AF2-8E5E-D5B2C7A2A9E6}.Release|x86.ActiveCfg = Release|x86
		{1672107A-84C1-4AF2-8E5E-D5B2C7A2A9E6}.Release|x86.Build.0 = Release|x86
		{E3E8C63F-4FEC-4944-961B-77703569375D}.Debug|Any CPU.ActiveCfg = Debug|Any CPU
		{E3E8C63F-4FEC-4944-961B-77703569375D}.Debug|Any CPU.Build.0 = Debug|Any CPU
		{E3E8C63F-4FEC-4944-961B-77703569375D}.Debug|x86.ActiveCfg = Debug|Any CPU
		{E3E8C63F-4FEC-4944-961B-77703569375D}.Debug|x86.Build.0 = Debug|Any CPU
		{E3E8C63F-4FEC-4944-961B-77703569375D}.Release|Any CPU.ActiveCfg = Release|Any CPU
		{E3E8C63F-4FEC-4944-961B-77703569375D}.Release|Any CPU.Build.0 = Release|Any CPU
		{E3E8C63F-4FEC-4944-961B-77703569375D}.Release|x86.ActiveCfg = Release|Any CPU
		{E3E8C63F-4FEC-4944-961B-77703569375D}.Release|x86.Build.0 = Release|Any CPU
		{CE427C76-66B6-4DF0-B09B-BA7244786550}.Debug|Any CPU.ActiveCfg = Debug|Any CPU
		{CE427C76-66B6-4DF0-B09B-BA7244786550}.Debug|Any CPU.Build.0 = Debug|Any CPU
		{CE427C76-66B6-4DF0-B09B-BA7244786550}.Debug|x86.ActiveCfg = Debug|Any CPU
		{CE427C76-66B6-4DF0-B09B-BA7244786550}.Debug|x86.Build.0 = Debug|Any CPU
		{CE427C76-66B6-4DF0-B09B-BA7244786550}.Release|Any CPU.ActiveCfg = Release|Any CPU
		{CE427C76-66B6-4DF0-B09B-BA7244786550}.Release|Any CPU.Build.0 = Release|Any CPU
		{CE427C76-66B6-4DF0-B09B-BA7244786550}.Release|x86.ActiveCfg = Release|Any CPU
		{CE427C76-66B6-4DF0-B09B-BA7244786550}.Release|x86.Build.0 = Release|Any CPU
	EndGlobalSection
	GlobalSection(SolutionProperties) = preSolution
		HideSolutionNode = FALSE
	EndGlobalSection
	GlobalSection(ExtensibilityGlobals) = postSolution
		SolutionGuid = {BC86BF61-8FBD-4644-BCB6-EDB8EB52EEEA}
	EndGlobalSection
EndGlobal
